// !$*UTF8*$!
{
	archiveVersion = 1;
	classes = {
	};
	objectVersion = 46;
	objects = {

/* Begin PBXBuildFile section */
		F098388F1D24E37800FCF6D3 /* main.m in Sources */ = {isa = PBXBuildFile; fileRef = F098388E1D24E37800FCF6D3 /* main.m */; };
		F09838921D24E37800FCF6D3 /* AppDelegate.m in Sources */ = {isa = PBXBuildFile; fileRef = F09838911D24E37800FCF6D3 /* AppDelegate.m */; };
		F09838951D24E37800FCF6D3 /* BootLoader.m in Sources */ = {isa = PBXBuildFile; fileRef = F09838941D24E37800FCF6D3 /* BootLoader.m */; };
		F09838A01D24E37800FCF6D3 /* Assets.xcassets in Resources */ = {isa = PBXBuildFile; fileRef = F098389F1D24E37800FCF6D3 /* Assets.xcassets */; };
		F09838A31D24E37800FCF6D3 /* LaunchScreen.storyboard in Resources */ = {isa = PBXBuildFile; fileRef = F09838A11D24E37800FCF6D3 /* LaunchScreen.storyboard */; };
		F09838AE1D24E37800FCF6D3 /* afdemoTests.m in Sources */ = {isa = PBXBuildFile; fileRef = F09838AD1D24E37800FCF6D3 /* afdemoTests.m */; };
		F09838BF1D24E3EA00FCF6D3 /* 01.caf in Resources */ = {isa = PBXBuildFile; fileRef = F09838BD1D24E3EA00FCF6D3 /* 01.caf */; };
		F09838C11D24E3FA00FCF6D3 /* formater.storyboard in Resources */ = {isa = PBXBuildFile; fileRef = F09838C01D24E3FA00FCF6D3 /* formater.storyboard */; };
		F09838C41D24E41D00FCF6D3 /* FormaterVC.m in Sources */ = {isa = PBXBuildFile; fileRef = F09838C31D24E41D00FCF6D3 /* FormaterVC.m */; };
/* End PBXBuildFile section */

/* Begin PBXContainerItemProxy section */
		F09838AA1D24E37800FCF6D3 /* PBXContainerItemProxy */ = {
			isa = PBXContainerItemProxy;
			containerPortal = F09838821D24E37800FCF6D3 /* Project object */;
			proxyType = 1;
			remoteGlobalIDString = F09838891D24E37800FCF6D3;
			remoteInfo = afdemo;
		};
/* End PBXContainerItemProxy section */

/* Begin PBXFileReference section */
		F098388A1D24E37800FCF6D3 /* afdemo.app */ = {isa = PBXFileReference; explicitFileType = wrapper.application; includeInIndex = 0; path = afdemo.app; sourceTree = BUILT_PRODUCTS_DIR; };
		F098388E1D24E37800FCF6D3 /* main.m */ = {isa = PBXFileReference; lastKnownFileType = sourcecode.c.objc; path = main.m; sourceTree = "<group>"; };
		F09838901D24E37800FCF6D3 /* AppDelegate.h */ = {isa = PBXFileReference; lastKnownFileType = sourcecode.c.h; path = AppDelegate.h; sourceTree = "<group>"; };
		F09838911D24E37800FCF6D3 /* AppDelegate.m */ = {isa = PBXFileReference; lastKnownFileType = sourcecode.c.objc; path = AppDelegate.m; sourceTree = "<group>"; };
		F09838941D24E37800FCF6D3 /* BootLoader.m */ = {isa = PBXFileReference; lastKnownFileType = sourcecode.c.objc; name = BootLoader.m; path = BootLoader/BootLoader.m; sourceTree = "<group>"; };
		F09838961D24E37800FCF6D3 /* BootLoader.h */ = {isa = PBXFileReference; lastKnownFileType = sourcecode.c.h; name = BootLoader.h; path = BootLoader/BootLoader.h; sourceTree = "<group>"; };
		F09838981D24E37800FCF6D3 /* readme.h */ = {isa = PBXFileReference; lastKnownFileType = sourcecode.c.h; name = readme.h; path = ThirdPart/readme.h; sourceTree = "<group>"; };
		F098389A1D24E37800FCF6D3 /* readme.h */ = {isa = PBXFileReference; lastKnownFileType = sourcecode.c.h; name = readme.h; path = Utils/readme.h; sourceTree = "<group>"; };
		F098389C1D24E37800FCF6D3 /* readme.h */ = {isa = PBXFileReference; lastKnownFileType = sourcecode.c.h; name = readme.h; path = Scenes/readme.h; sourceTree = "<group>"; };
		F098389E1D24E37800FCF6D3 /* readme.h */ = {isa = PBXFileReference; lastKnownFileType = sourcecode.c.h; name = readme.h; path = Services/readme.h; sourceTree = "<group>"; };
		F098389F1D24E37800FCF6D3 /* Assets.xcassets */ = {isa = PBXFileReference; lastKnownFileType = folder.assetcatalog; path = Assets.xcassets; sourceTree = "<group>"; };
		F09838A21D24E37800FCF6D3 /* Base */ = {isa = PBXFileReference; lastKnownFileType = file.storyboard; name = Base; path = Base.lproj/LaunchScreen.storyboard; sourceTree = "<group>"; };
		F09838A41D24E37800FCF6D3 /* Info.plist */ = {isa = PBXFileReference; lastKnownFileType = text.plist.xml; path = Info.plist; sourceTree = "<group>"; };
		F09838A91D24E37800FCF6D3 /* afdemoTests.xctest */ = {isa = PBXFileReference; explicitFileType = wrapper.cfbundle; includeInIndex = 0; path = afdemoTests.xctest; sourceTree = BUILT_PRODUCTS_DIR; };
		F09838AD1D24E37800FCF6D3 /* afdemoTests.m */ = {isa = PBXFileReference; lastKnownFileType = sourcecode.c.objc; path = afdemoTests.m; sourceTree = "<group>"; };
		F09838AF1D24E37800FCF6D3 /* Info.plist */ = {isa = PBXFileReference; lastKnownFileType = text.plist.xml; path = Info.plist; sourceTree = "<group>"; };
		F09838BD1D24E3EA00FCF6D3 /* 01.caf */ = {isa = PBXFileReference; lastKnownFileType = file; path = 01.caf; sourceTree = "<group>"; };
		F09838C01D24E3FA00FCF6D3 /* formater.storyboard */ = {isa = PBXFileReference; fileEncoding = 4; lastKnownFileType = file.storyboard; path = formater.storyboard; sourceTree = "<group>"; };
		F09838C21D24E41D00FCF6D3 /* FormaterVC.h */ = {isa = PBXFileReference; fileEncoding = 4; lastKnownFileType = sourcecode.c.h; path = FormaterVC.h; sourceTree = "<group>"; };
		F09838C31D24E41D00FCF6D3 /* FormaterVC.m */ = {isa = PBXFileReference; fileEncoding = 4; lastKnownFileType = sourcecode.c.objc; path = FormaterVC.m; sourceTree = "<group>"; };
/* End PBXFileReference section */

/* Begin PBXFrameworksBuildPhase section */
		F09838871D24E37800FCF6D3 /* Frameworks */ = {
			isa = PBXFrameworksBuildPhase;
			buildActionMask = 2147483647;
			files = (
			);
			runOnlyForDeploymentPostprocessing = 0;
		};
		F09838A61D24E37800FCF6D3 /* Frameworks */ = {
			isa = PBXFrameworksBuildPhase;
			buildActionMask = 2147483647;
			files = (
			);
			runOnlyForDeploymentPostprocessing = 0;
		};
/* End PBXFrameworksBuildPhase section */

/* Begin PBXGroup section */
		F09838811D24E37800FCF6D3 = {
			isa = PBXGroup;
			children = (
				F098388C1D24E37800FCF6D3 /* afdemo */,
				F09838AC1D24E37800FCF6D3 /* afdemoTests */,
				F098388B1D24E37800FCF6D3 /* Products */,
			);
			sourceTree = "<group>";
		};
		F098388B1D24E37800FCF6D3 /* Products */ = {
			isa = PBXGroup;
			children = (
				F098388A1D24E37800FCF6D3 /* afdemo.app */,
				F09838A91D24E37800FCF6D3 /* afdemoTests.xctest */,
			);
			name = Products;
			sourceTree = "<group>";
		};
		F098388C1D24E37800FCF6D3 /* afdemo */ = {
			isa = PBXGroup;
			children = (
				F09838901D24E37800FCF6D3 /* AppDelegate.h */,
				F09838911D24E37800FCF6D3 /* AppDelegate.m */,
				F098389F1D24E37800FCF6D3 /* Assets.xcassets */,
				F09838A11D24E37800FCF6D3 /* LaunchScreen.storyboard */,
				F09838A41D24E37800FCF6D3 /* Info.plist */,
				F09838931D24E37800FCF6D3 /* BootLoader */,
				F09838971D24E37800FCF6D3 /* ThirdPart */,
				F09838991D24E37800FCF6D3 /* Utils */,
				F098389B1D24E37800FCF6D3 /* Scenes */,
				F098389D1D24E37800FCF6D3 /* Services */,
				F098388D1D24E37800FCF6D3 /* Supporting Files */,
			);
			path = afdemo;
			sourceTree = "<group>";
		};
		F098388D1D24E37800FCF6D3 /* Supporting Files */ = {
			isa = PBXGroup;
			children = (
				F098388E1D24E37800FCF6D3 /* main.m */,
			);
			name = "Supporting Files";
			sourceTree = "<group>";
		};
		F09838931D24E37800FCF6D3 /* BootLoader */ = {
			isa = PBXGroup;
			children = (
				F09838941D24E37800FCF6D3 /* BootLoader.m */,
				F09838961D24E37800FCF6D3 /* BootLoader.h */,
			);
			name = BootLoader;
			sourceTree = "<group>";
		};
		F09838971D24E37800FCF6D3 /* ThirdPart */ = {
			isa = PBXGroup;
			children = (
				F09838981D24E37800FCF6D3 /* readme.h */,
			);
			name = ThirdPart;
			sourceTree = "<group>";
		};
		F09838991D24E37800FCF6D3 /* Utils */ = {
			isa = PBXGroup;
			children = (
				F098389A1D24E37800FCF6D3 /* readme.h */,
			);
			name = Utils;
			sourceTree = "<group>";
		};
		F098389B1D24E37800FCF6D3 /* Scenes */ = {
			isa = PBXGroup;
			children = (
				F09838B81D24E3EA00FCF6D3 /* Formater */,
				F098389C1D24E37800FCF6D3 /* readme.h */,
			);
			name = Scenes;
			sourceTree = "<group>";
		};
		F098389D1D24E37800FCF6D3 /* Services */ = {
			isa = PBXGroup;
			children = (
				F098389E1D24E37800FCF6D3 /* readme.h */,
			);
			name = Services;
			sourceTree = "<group>";
		};
		F09838AC1D24E37800FCF6D3 /* afdemoTests */ = {
			isa = PBXGroup;
			children = (
				F09838AD1D24E37800FCF6D3 /* afdemoTests.m */,
				F09838AF1D24E37800FCF6D3 /* Info.plist */,
			);
			path = afdemoTests;
			sourceTree = "<group>";
		};
		F09838B81D24E3EA00FCF6D3 /* Formater */ = {
			isa = PBXGroup;
			children = (
				F09838B91D24E3EA00FCF6D3 /* Controller */,
				F09838BA1D24E3EA00FCF6D3 /* Model */,
				F09838BB1D24E3EA00FCF6D3 /* Resource */,
				F09838BE1D24E3EA00FCF6D3 /* View */,
			);
			name = Formater;
			path = Scenes/Formater;
			sourceTree = "<group>";
		};
		F09838B91D24E3EA00FCF6D3 /* Controller */ = {
			isa = PBXGroup;
			children = (
				F09838C21D24E41D00FCF6D3 /* FormaterVC.h */,
				F09838C31D24E41D00FCF6D3 /* FormaterVC.m */,
			);
			path = Controller;
			sourceTree = "<group>";
		};
		F09838BA1D24E3EA00FCF6D3 /* Model */ = {
			isa = PBXGroup;
			children = (
			);
			path = Model;
			sourceTree = "<group>";
		};
		F09838BB1D24E3EA00FCF6D3 /* Resource */ = {
			isa = PBXGroup;
			children = (
				F09838BC1D24E3EA00FCF6D3 /* sounds */,
			);
			path = Resource;
			sourceTree = "<group>";
		};
		F09838BC1D24E3EA00FCF6D3 /* sounds */ = {
			isa = PBXGroup;
			children = (
				F09838BD1D24E3EA00FCF6D3 /* 01.caf */,
			);
			path = sounds;
			sourceTree = "<group>";
		};
		F09838BE1D24E3EA00FCF6D3 /* View */ = {
			isa = PBXGroup;
			children = (
				F09838C01D24E3FA00FCF6D3 /* formater.storyboard */,
			);
			path = View;
			sourceTree = "<group>";
		};
/* End PBXGroup section */

/* Begin PBXNativeTarget section */
		F09838891D24E37800FCF6D3 /* afdemo */ = {
			isa = PBXNativeTarget;
			buildConfigurationList = F09838B21D24E37800FCF6D3 /* Build configuration list for PBXNativeTarget "afdemo" */;
			buildPhases = (
				F09838861D24E37800FCF6D3 /* Sources */,
				F09838871D24E37800FCF6D3 /* Frameworks */,
				F09838881D24E37800FCF6D3 /* Resources */,
			);
			buildRules = (
			);
			dependencies = (
			);
			name = afdemo;
			productName = afdemo;
			productReference = F098388A1D24E37800FCF6D3 /* afdemo.app */;
			productType = "com.apple.product-type.application";
		};
		F09838A81D24E37800FCF6D3 /* afdemoTests */ = {
			isa = PBXNativeTarget;
			buildConfigurationList = F09838B51D24E37800FCF6D3 /* Build configuration list for PBXNativeTarget "afdemoTests" */;
			buildPhases = (
				F09838A51D24E37800FCF6D3 /* Sources */,
				F09838A61D24E37800FCF6D3 /* Frameworks */,
				F09838A71D24E37800FCF6D3 /* Resources */,
			);
			buildRules = (
			);
			dependencies = (
				F09838AB1D24E37800FCF6D3 /* PBXTargetDependency */,
			);
			name = afdemoTests;
			productName = afdemoTests;
			productReference = F09838A91D24E37800FCF6D3 /* afdemoTests.xctest */;
			productType = "com.apple.product-type.bundle.unit-test";
		};
/* End PBXNativeTarget section */

/* Begin PBXProject section */
		F09838821D24E37800FCF6D3 /* Project object */ = {
			isa = PBXProject;
			attributes = {
				LastUpgradeCheck = 0730;
				ORGANIZATIONNAME = projm;
				TargetAttributes = {
					F09838891D24E37800FCF6D3 = {
						CreatedOnToolsVersion = 7.3;
					};
					F09838A81D24E37800FCF6D3 = {
						CreatedOnToolsVersion = 7.3;
						TestTargetID = F09838891D24E37800FCF6D3;
					};
				};
			};
			buildConfigurationList = F09838851D24E37800FCF6D3 /* Build configuration list for PBXProject "afdemo" */;
			compatibilityVersion = "Xcode 3.2";
			developmentRegion = English;
			hasScannedForEncodings = 0;
			knownRegions = (
				en,
				Base,
			);
			mainGroup = F09838811D24E37800FCF6D3;
			productRefGroup = F098388B1D24E37800FCF6D3 /* Products */;
			projectDirPath = "";
			projectRoot = "";
			targets = (
				F09838891D24E37800FCF6D3 /* afdemo */,
				F09838A81D24E37800FCF6D3 /* afdemoTests */,
			);
		};
/* End PBXProject section */

/* Begin PBXResourcesBuildPhase section */
		F09838881D24E37800FCF6D3 /* Resources */ = {
			isa = PBXResourcesBuildPhase;
			buildActionMask = 2147483647;
			files = (
				F09838A01D24E37800FCF6D3 /* Assets.xcassets in Resources */,
				F09838BF1D24E3EA00FCF6D3 /* 01.caf in Resources */,
				F09838C11D24E3FA00FCF6D3 /* formater.storyboard in Resources */,
				F09838A31D24E37800FCF6D3 /* LaunchScreen.storyboard in Resources */,
			);
			runOnlyForDeploymentPostprocessing = 0;
		};
		F09838A71D24E37800FCF6D3 /* Resources */ = {
			isa = PBXResourcesBuildPhase;
			buildActionMask = 2147483647;
			files = (
			);
			runOnlyForDeploymentPostprocessing = 0;
		};
/* End PBXResourcesBuildPhase section */

/* Begin PBXSourcesBuildPhase section */
		F09838861D24E37800FCF6D3 /* Sources */ = {
			isa = PBXSourcesBuildPhase;
			buildActionMask = 2147483647;
			files = (
				F09838C41D24E41D00FCF6D3 /* FormaterVC.m in Sources */,
				F09838921D24E37800FCF6D3 /* AppDelegate.m in Sources */,
				F098388F1D24E37800FCF6D3 /* main.m in Sources */,
				F09838951D24E37800FCF6D3 /* BootLoader.m in Sources */,
			);
			runOnlyForDeploymentPostprocessing = 0;
		};
		F09838A51D24E37800FCF6D3 /* Sources */ = {
			isa = PBXSourcesBuildPhase;
			buildActionMask = 2147483647;
			files = (
				F09838AE1D24E37800FCF6D3 /* afdemoTests.m in Sources */,
			);
			runOnlyForDeploymentPostprocessing = 0;
		};
/* End PBXSourcesBuildPhase section */

/* Begin PBXTargetDependency section */
		F09838AB1D24E37800FCF6D3 /* PBXTargetDependency */ = {
			isa = PBXTargetDependency;
			target = F09838891D24E37800FCF6D3 /* afdemo */;
			targetProxy = F09838AA1D24E37800FCF6D3 /* PBXContainerItemProxy */;
		};
/* End PBXTargetDependency section */

/* Begin PBXVariantGroup section */
		F09838A11D24E37800FCF6D3 /* LaunchScreen.storyboard */ = {
			isa = PBXVariantGroup;
			children = (
				F09838A21D24E37800FCF6D3 /* Base */,
			);
			name = LaunchScreen.storyboard;
			sourceTree = "<group>";
		};
/* End PBXVariantGroup section */

/* Begin XCBuildConfiguration section */
		F09838B01D24E37800FCF6D3 /* Debug */ = {
			isa = XCBuildConfiguration;
			buildSettings = {
				ALWAYS_SEARCH_USER_PATHS = NO;
				CLANG_ANALYZER_NONNULL = YES;
				CLANG_CXX_LANGUAGE_STANDARD = "gnu++0x";
				CLANG_CXX_LIBRARY = "libc++";
				CLANG_ENABLE_MODULES = YES;
				CLANG_ENABLE_OBJC_ARC = YES;
				CLANG_WARN_BOOL_CONVERSION = YES;
				CLANG_WARN_CONSTANT_CONVERSION = YES;
				CLANG_WARN_DIRECT_OBJC_ISA_USAGE = YES_ERROR;
				CLANG_WARN_EMPTY_BODY = YES;
				CLANG_WARN_ENUM_CONVERSION = YES;
				CLANG_WARN_INT_CONVERSION = YES;
				CLANG_WARN_OBJC_ROOT_CLASS = YES_ERROR;
				CLANG_WARN_UNREACHABLE_CODE = YES;
				CLANG_WARN__DUPLICATE_METHOD_MATCH = YES;
				"CODE_SIGN_IDENTITY[sdk=iphoneos*]" = "iPhone Developer";
				COPY_PHASE_STRIP = NO;
				DEBUG_INFORMATION_FORMAT = dwarf;
				ENABLE_STRICT_OBJC_MSGSEND = YES;
				ENABLE_TESTABILITY = YES;
				GCC_C_LANGUAGE_STANDARD = gnu99;
				GCC_DYNAMIC_NO_PIC = NO;
				GCC_NO_COMMON_BLOCKS = YES;
				GCC_OPTIMIZATION_LEVEL = 0;
				GCC_PREPROCESSOR_DEFINITIONS = (
					"DEBUG=1",
					"$(inherited)",
				);
				GCC_WARN_64_TO_32_BIT_CONVERSION = YES;
				GCC_WARN_ABOUT_RETURN_TYPE = YES_ERROR;
				GCC_WARN_UNDECLARED_SELECTOR = YES;
				GCC_WARN_UNINITIALIZED_AUTOS = YES_AGGRESSIVE;
				GCC_WARN_UNUSED_FUNCTION = YES;
				GCC_WARN_UNUSED_VARIABLE = YES;
				IPHONEOS_DEPLOYMENT_TARGET = 9.3;
				MTL_ENABLE_DEBUG_INFO = YES;
				ONLY_ACTIVE_ARCH = YES;
				SDKROOT = iphoneos;
			};
			name = Debug;
		};
		F09838B11D24E37800FCF6D3 /* Release */ = {
			isa = XCBuildConfiguration;
			buildSettings = {
				ALWAYS_SEARCH_USER_PATHS = NO;
				CLANG_ANALYZER_NONNULL = YES;
				CLANG_CXX_LANGUAGE_STANDARD = "gnu++0x";
				CLANG_CXX_LIBRARY = "libc++";
				CLANG_ENABLE_MODULES = YES;
				CLANG_ENABLE_OBJC_ARC = YES;
				CLANG_WARN_BOOL_CONVERSION = YES;
				CLANG_WARN_CONSTANT_CONVERSION = YES;
				CLANG_WARN_DIRECT_OBJC_ISA_USAGE = YES_ERROR;
				CLANG_WARN_EMPTY_BODY = YES;
				CLANG_WARN_ENUM_CONVERSION = YES;
				CLANG_WARN_INT_CONVERSION = YES;
				CLANG_WARN_OBJC_ROOT_CLASS = YES_ERROR;
				CLANG_WARN_UNREACHABLE_CODE = YES;
				CLANG_WARN__DUPLICATE_METHOD_MATCH = YES;
				"CODE_SIGN_IDENTITY[sdk=iphoneos*]" = "iPhone Developer";
				COPY_PHASE_STRIP = NO;
				DEBUG_INFORMATION_FORMAT = "dwarf-with-dsym";
				ENABLE_NS_ASSERTIONS = NO;
				ENABLE_STRICT_OBJC_MSGSEND = YES;
				GCC_C_LANGUAGE_STANDARD = gnu99;
				GCC_NO_COMMON_BLOCKS = YES;
				GCC_WARN_64_TO_32_BIT_CONVERSION = YES;
				GCC_WARN_ABOUT_RETURN_TYPE = YES_ERROR;
				GCC_WARN_UNDECLARED_SELECTOR = YES;
				GCC_WARN_UNINITIALIZED_AUTOS = YES_AGGRESSIVE;
				GCC_WARN_UNUSED_FUNCTION = YES;
				GCC_WARN_UNUSED_VARIABLE = YES;
				IPHONEOS_DEPLOYMENT_TARGET = 9.3;
				MTL_ENABLE_DEBUG_INFO = NO;
				SDKROOT = iphoneos;
				VALIDATE_PRODUCT = YES;
			};
			name = Release;
		};
		F09838B31D24E37800FCF6D3 /* Debug */ = {
			isa = XCBuildConfiguration;
			buildSettings = {
				ASSETCATALOG_COMPILER_APPICON_NAME = AppIcon;
				INFOPLIST_FILE = afdemo/Info.plist;
				LD_RUNPATH_SEARCH_PATHS = "$(inherited) @executable_path/Frameworks";
				PRODUCT_BUNDLE_IDENTIFIER = club.projm.cz.afdemo;
				PRODUCT_NAME = "$(TARGET_NAME)";
			};
			name = Debug;
		};
		F09838B41D24E37800FCF6D3 /* Release */ = {
			isa = XCBuildConfiguration;
			buildSettings = {
				ASSETCATALOG_COMPILER_APPICON_NAME = AppIcon;
				INFOPLIST_FILE = afdemo/Info.plist;
				LD_RUNPATH_SEARCH_PATHS = "$(inherited) @executable_path/Frameworks";
				PRODUCT_BUNDLE_IDENTIFIER = club.projm.cz.afdemo;
				PRODUCT_NAME = "$(TARGET_NAME)";
			};
			name = Release;
		};
		F09838B61D24E37800FCF6D3 /* Debug */ = {
			isa = XCBuildConfiguration;
			buildSettings = {
				BUNDLE_LOADER = "$(TEST_HOST)";
				INFOPLIST_FILE = afdemoTests/Info.plist;
				LD_RUNPATH_SEARCH_PATHS = "$(inherited) @executable_path/Frameworks @loader_path/Frameworks";
				PRODUCT_BUNDLE_IDENTIFIER = club.projm.cz.afdemoTests;
				PRODUCT_NAME = "$(TARGET_NAME)";
				TEST_HOST = "$(BUILT_PRODUCTS_DIR)/afdemo.app/afdemo";
			};
			name = Debug;
		};
		F09838B71D24E37800FCF6D3 /* Release */ = {
			isa = XCBuildConfiguration;
			buildSettings = {
				BUNDLE_LOADER = "$(TEST_HOST)";
				INFOPLIST_FILE = afdemoTests/Info.plist;
				LD_RUNPATH_SEARCH_PATHS = "$(inherited) @executable_path/Frameworks @loader_path/Frameworks";
				PRODUCT_BUNDLE_IDENTIFIER = club.projm.cz.afdemoTests;
				PRODUCT_NAME = "$(TARGET_NAME)";
				TEST_HOST = "$(BUILT_PRODUCTS_DIR)/afdemo.app/afdemo";
			};
			name = Release;
		};
/* End XCBuildConfiguration section */

/* Begin XCConfigurationList section */
		F09838851D24E37800FCF6D3 /* Build configuration list for PBXProject "afdemo" */ = {
			isa = XCConfigurationList;
			buildConfigurations = (
				F09838B01D24E37800FCF6D3 /* Debug */,
				F09838B11D24E37800FCF6D3 /* Release */,
			);
			defaultConfigurationIsVisible = 0;
			defaultConfigurationName = Release;
		};
		F09838B21D24E37800FCF6D3 /* Build configuration list for PBXNativeTarget "afdemo" */ = {
			isa = XCConfigurationList;
			buildConfigurations = (
				F09838B31D24E37800FCF6D3 /* Debug */,
				F09838B41D24E37800FCF6D3 /* Release */,
			);
			defaultConfigurationIsVisible = 0;
		};
		F09838B51D24E37800FCF6D3 /* Build configuration list for PBXNativeTarget "afdemoTests" */ = {
			isa = XCConfigurationList;
			buildConfigurations = (
				F09838B61D24E37800FCF6D3 /* Debug */,
				F09838B71D24E37800FCF6D3 /* Release */,
			);
			defaultConfigurationIsVisible = 0;
		};
/* End XCConfigurationList section */
	};
	rootObject = F09838821D24E37800FCF6D3 /* Project object */;
}
