// !$*UTF8*$!
{
	archiveVersion = 1;
	classes = {
	};
	objectVersion = 46;
	objects = {

/* Begin PBXBuildFile section */
		F004B1671D0018500080E883 /* PlayerVC.m in Sources */ = {isa = PBXBuildFile; fileRef = F004B1661D0018500080E883 /* PlayerVC.m */; };
		F004B1691D00185D0080E883 /* player.storyboard in Resources */ = {isa = PBXBuildFile; fileRef = F004B1681D00185D0080E883 /* player.storyboard */; };
		F012ADF41D1037DE00A6FF31 /* AudioToolbox.framework in Frameworks */ = {isa = PBXBuildFile; fileRef = F012ADF31D1037DE00A6FF31 /* AudioToolbox.framework */; };
		F012AE161D103A9200A6FF31 /* AVFoundation.framework in Frameworks */ = {isa = PBXBuildFile; fileRef = F012AE151D103A9200A6FF31 /* AVFoundation.framework */; };
		F0E0EA381CF93EDA008379BD /* main.m in Sources */ = {isa = PBXBuildFile; fileRef = F0E0EA371CF93EDA008379BD /* main.m */; };
		F0E0EA3B1CF93EDA008379BD /* AppDelegate.m in Sources */ = {isa = PBXBuildFile; fileRef = F0E0EA3A1CF93EDA008379BD /* AppDelegate.m */; };
		F0E0EA3E1CF93EDA008379BD /* BootLoader.m in Sources */ = {isa = PBXBuildFile; fileRef = F0E0EA3D1CF93EDA008379BD /* BootLoader.m */; };
		F0E0EA491CF93EDA008379BD /* Assets.xcassets in Resources */ = {isa = PBXBuildFile; fileRef = F0E0EA481CF93EDA008379BD /* Assets.xcassets */; };
		F0E0EA4C1CF93EDA008379BD /* LaunchScreen.storyboard in Resources */ = {isa = PBXBuildFile; fileRef = F0E0EA4A1CF93EDA008379BD /* LaunchScreen.storyboard */; };
		F0E0EA571CF93EDA008379BD /* audemoTests.m in Sources */ = {isa = PBXBuildFile; fileRef = F0E0EA561CF93EDA008379BD /* audemoTests.m */; };
		F0E0EA8B1CF94744008379BD /* RecorderVC.m in Sources */ = {isa = PBXBuildFile; fileRef = F0E0EA8A1CF94744008379BD /* RecorderVC.m */; };
		F0E0EA8D1CF94871008379BD /* recorder.storyboard in Resources */ = {isa = PBXBuildFile; fileRef = F0E0EA8C1CF94871008379BD /* recorder.storyboard */; };
/* End PBXBuildFile section */

/* Begin PBXContainerItemProxy section */
		F0E0EA531CF93EDA008379BD /* PBXContainerItemProxy */ = {
			isa = PBXContainerItemProxy;
			containerPortal = F0E0EA2B1CF93EDA008379BD /* Project object */;
			proxyType = 1;
			remoteGlobalIDString = F0E0EA321CF93EDA008379BD;
			remoteInfo = audemo;
		};
/* End PBXContainerItemProxy section */

/* Begin PBXFileReference section */
		F004B1651D0018500080E883 /* PlayerVC.h */ = {isa = PBXFileReference; fileEncoding = 4; lastKnownFileType = sourcecode.c.h; path = PlayerVC.h; sourceTree = "<group>"; };
		F004B1661D0018500080E883 /* PlayerVC.m */ = {isa = PBXFileReference; fileEncoding = 4; lastKnownFileType = sourcecode.c.objc; path = PlayerVC.m; sourceTree = "<group>"; };
		F004B1681D00185D0080E883 /* player.storyboard */ = {isa = PBXFileReference; fileEncoding = 4; lastKnownFileType = file.storyboard; path = player.storyboard; sourceTree = "<group>"; };
		F012ADF31D1037DE00A6FF31 /* AudioToolbox.framework */ = {isa = PBXFileReference; lastKnownFileType = wrapper.framework; name = AudioToolbox.framework; path = System/Library/Frameworks/AudioToolbox.framework; sourceTree = SDKROOT; };
		F012AE151D103A9200A6FF31 /* AVFoundation.framework */ = {isa = PBXFileReference; lastKnownFileType = wrapper.framework; name = AVFoundation.framework; path = System/Library/Frameworks/AVFoundation.framework; sourceTree = SDKROOT; };
		F0E0EA331CF93EDA008379BD /* audemo.app */ = {isa = PBXFileReference; explicitFileType = wrapper.application; includeInIndex = 0; path = audemo.app; sourceTree = BUILT_PRODUCTS_DIR; };
		F0E0EA371CF93EDA008379BD /* main.m */ = {isa = PBXFileReference; lastKnownFileType = sourcecode.c.objc; path = main.m; sourceTree = "<group>"; };
		F0E0EA391CF93EDA008379BD /* AppDelegate.h */ = {isa = PBXFileReference; lastKnownFileType = sourcecode.c.h; path = AppDelegate.h; sourceTree = "<group>"; };
		F0E0EA3A1CF93EDA008379BD /* AppDelegate.m */ = {isa = PBXFileReference; lastKnownFileType = sourcecode.c.objc; path = AppDelegate.m; sourceTree = "<group>"; };
		F0E0EA3D1CF93EDA008379BD /* BootLoader.m */ = {isa = PBXFileReference; lastKnownFileType = sourcecode.c.objc; name = BootLoader.m; path = BootLoader/BootLoader.m; sourceTree = "<group>"; };
		F0E0EA3F1CF93EDA008379BD /* BootLoader.h */ = {isa = PBXFileReference; lastKnownFileType = sourcecode.c.h; name = BootLoader.h; path = BootLoader/BootLoader.h; sourceTree = "<group>"; };
		F0E0EA411CF93EDA008379BD /* readme.h */ = {isa = PBXFileReference; lastKnownFileType = sourcecode.c.h; name = readme.h; path = ThirdPart/readme.h; sourceTree = "<group>"; };
		F0E0EA431CF93EDA008379BD /* readme.h */ = {isa = PBXFileReference; lastKnownFileType = sourcecode.c.h; name = readme.h; path = Utils/readme.h; sourceTree = "<group>"; };
		F0E0EA451CF93EDA008379BD /* readme.h */ = {isa = PBXFileReference; lastKnownFileType = sourcecode.c.h; name = readme.h; path = Scenes/readme.h; sourceTree = "<group>"; };
		F0E0EA471CF93EDA008379BD /* readme.h */ = {isa = PBXFileReference; lastKnownFileType = sourcecode.c.h; name = readme.h; path = Services/readme.h; sourceTree = "<group>"; };
		F0E0EA481CF93EDA008379BD /* Assets.xcassets */ = {isa = PBXFileReference; lastKnownFileType = folder.assetcatalog; path = Assets.xcassets; sourceTree = "<group>"; };
		F0E0EA4B1CF93EDA008379BD /* Base */ = {isa = PBXFileReference; lastKnownFileType = file.storyboard; name = Base; path = Base.lproj/LaunchScreen.storyboard; sourceTree = "<group>"; };
		F0E0EA4D1CF93EDA008379BD /* Info.plist */ = {isa = PBXFileReference; lastKnownFileType = text.plist.xml; path = Info.plist; sourceTree = "<group>"; };
		F0E0EA521CF93EDA008379BD /* audemoTests.xctest */ = {isa = PBXFileReference; explicitFileType = wrapper.cfbundle; includeInIndex = 0; path = audemoTests.xctest; sourceTree = BUILT_PRODUCTS_DIR; };
		F0E0EA561CF93EDA008379BD /* audemoTests.m */ = {isa = PBXFileReference; lastKnownFileType = sourcecode.c.objc; path = audemoTests.m; sourceTree = "<group>"; };
		F0E0EA581CF93EDA008379BD /* Info.plist */ = {isa = PBXFileReference; lastKnownFileType = text.plist.xml; path = Info.plist; sourceTree = "<group>"; };
		F0E0EA891CF94744008379BD /* RecorderVC.h */ = {isa = PBXFileReference; fileEncoding = 4; lastKnownFileType = sourcecode.c.h; path = RecorderVC.h; sourceTree = "<group>"; };
		F0E0EA8A1CF94744008379BD /* RecorderVC.m */ = {isa = PBXFileReference; fileEncoding = 4; lastKnownFileType = sourcecode.c.objc; path = RecorderVC.m; sourceTree = "<group>"; };
		F0E0EA8C1CF94871008379BD /* recorder.storyboard */ = {isa = PBXFileReference; fileEncoding = 4; lastKnownFileType = file.storyboard; path = recorder.storyboard; sourceTree = "<group>"; };
		F0E0EA8E1CF960F5008379BD /* MediaPlayer.framework */ = {isa = PBXFileReference; lastKnownFileType = wrapper.framework; name = MediaPlayer.framework; path = System/Library/Frameworks/MediaPlayer.framework; sourceTree = SDKROOT; };
/* End PBXFileReference section */

/* Begin PBXFrameworksBuildPhase section */
		F0E0EA301CF93EDA008379BD /* Frameworks */ = {
			isa = PBXFrameworksBuildPhase;
			buildActionMask = 2147483647;
			files = (
				F012AE161D103A9200A6FF31 /* AVFoundation.framework in Frameworks */,
				F012ADF41D1037DE00A6FF31 /* AudioToolbox.framework in Frameworks */,
			);
			runOnlyForDeploymentPostprocessing = 0;
		};
		F0E0EA4F1CF93EDA008379BD /* Frameworks */ = {
			isa = PBXFrameworksBuildPhase;
			buildActionMask = 2147483647;
			files = (
			);
			runOnlyForDeploymentPostprocessing = 0;
		};
/* End PBXFrameworksBuildPhase section */

/* Begin PBXGroup section */
		F0A814AF1D0017ED0016B85C /* Player */ = {
			isa = PBXGroup;
			children = (
				F0A814B01D0017ED0016B85C /* Controller */,
				F0A814B11D0017ED0016B85C /* Model */,
				F0A814B21D0017ED0016B85C /* Resource */,
				F0A814B31D0017ED0016B85C /* View */,
			);
			name = Player;
			path = Scenes/Player;
			sourceTree = "<group>";
		};
		F0A814B01D0017ED0016B85C /* Controller */ = {
			isa = PBXGroup;
			children = (
				F004B1651D0018500080E883 /* PlayerVC.h */,
				F004B1661D0018500080E883 /* PlayerVC.m */,
			);
			path = Controller;
			sourceTree = "<group>";
		};
		F0A814B11D0017ED0016B85C /* Model */ = {
			isa = PBXGroup;
			children = (
			);
			path = Model;
			sourceTree = "<group>";
		};
		F0A814B21D0017ED0016B85C /* Resource */ = {
			isa = PBXGroup;
			children = (
			);
			path = Resource;
			sourceTree = "<group>";
		};
		F0A814B31D0017ED0016B85C /* View */ = {
			isa = PBXGroup;
			children = (
				F004B1681D00185D0080E883 /* player.storyboard */,
			);
			path = View;
			sourceTree = "<group>";
		};
		F0E0EA2A1CF93EDA008379BD = {
			isa = PBXGroup;
			children = (
				F0E0EA901CF96103008379BD /* Frameworks */,
				F0E0EA351CF93EDA008379BD /* audemo */,
				F0E0EA551CF93EDA008379BD /* audemoTests */,
				F0E0EA341CF93EDA008379BD /* Products */,
			);
			sourceTree = "<group>";
		};
		F0E0EA341CF93EDA008379BD /* Products */ = {
			isa = PBXGroup;
			children = (
				F0E0EA331CF93EDA008379BD /* audemo.app */,
				F0E0EA521CF93EDA008379BD /* audemoTests.xctest */,
			);
			name = Products;
			sourceTree = "<group>";
		};
		F0E0EA351CF93EDA008379BD /* audemo */ = {
			isa = PBXGroup;
			children = (
				F0E0EA391CF93EDA008379BD /* AppDelegate.h */,
				F0E0EA3A1CF93EDA008379BD /* AppDelegate.m */,
				F0E0EA481CF93EDA008379BD /* Assets.xcassets */,
				F0E0EA4A1CF93EDA008379BD /* LaunchScreen.storyboard */,
				F0E0EA4D1CF93EDA008379BD /* Info.plist */,
				F0E0EA3C1CF93EDA008379BD /* BootLoader */,
				F0E0EA401CF93EDA008379BD /* ThirdPart */,
				F0E0EA421CF93EDA008379BD /* Utils */,
				F0E0EA441CF93EDA008379BD /* Scenes */,
				F0E0EA461CF93EDA008379BD /* Services */,
				F0E0EA361CF93EDA008379BD /* Supporting Files */,
			);
			path = audemo;
			sourceTree = "<group>";
		};
		F0E0EA361CF93EDA008379BD /* Supporting Files */ = {
			isa = PBXGroup;
			children = (
				F0E0EA371CF93EDA008379BD /* main.m */,
			);
			name = "Supporting Files";
			sourceTree = "<group>";
		};
		F0E0EA3C1CF93EDA008379BD /* BootLoader */ = {
			isa = PBXGroup;
			children = (
				F0E0EA3D1CF93EDA008379BD /* BootLoader.m */,
				F0E0EA3F1CF93EDA008379BD /* BootLoader.h */,
			);
			name = BootLoader;
			sourceTree = "<group>";
		};
		F0E0EA401CF93EDA008379BD /* ThirdPart */ = {
			isa = PBXGroup;
			children = (
				F0E0EA411CF93EDA008379BD /* readme.h */,
			);
			name = ThirdPart;
			sourceTree = "<group>";
		};
		F0E0EA421CF93EDA008379BD /* Utils */ = {
			isa = PBXGroup;
			children = (
				F0E0EA431CF93EDA008379BD /* readme.h */,
			);
			name = Utils;
			sourceTree = "<group>";
		};
		F0E0EA441CF93EDA008379BD /* Scenes */ = {
			isa = PBXGroup;
			children = (
				F0A814AF1D0017ED0016B85C /* Player */,
				F0E0EA811CF943A8008379BD /* Recorder */,
				F0E0EA451CF93EDA008379BD /* readme.h */,
			);
			name = Scenes;
			sourceTree = "<group>";
		};
		F0E0EA461CF93EDA008379BD /* Services */ = {
			isa = PBXGroup;
			children = (
				F0E0EA471CF93EDA008379BD /* readme.h */,
			);
			name = Services;
			sourceTree = "<group>";
		};
		F0E0EA551CF93EDA008379BD /* audemoTests */ = {
			isa = PBXGroup;
			children = (
				F0E0EA561CF93EDA008379BD /* audemoTests.m */,
				F0E0EA581CF93EDA008379BD /* Info.plist */,
			);
			path = audemoTests;
			sourceTree = "<group>";
		};
		F0E0EA811CF943A8008379BD /* Recorder */ = {
			isa = PBXGroup;
			children = (
				F0E0EA821CF943A8008379BD /* Controller */,
				F0E0EA831CF943A8008379BD /* Model */,
				F0E0EA841CF943A8008379BD /* Resource */,
				F0E0EA851CF943A8008379BD /* View */,
			);
			name = Recorder;
			path = Scenes/Recorder;
			sourceTree = "<group>";
		};
		F0E0EA821CF943A8008379BD /* Controller */ = {
			isa = PBXGroup;
			children = (
				F0E0EA891CF94744008379BD /* RecorderVC.h */,
				F0E0EA8A1CF94744008379BD /* RecorderVC.m */,
			);
			path = Controller;
			sourceTree = "<group>";
		};
		F0E0EA831CF943A8008379BD /* Model */ = {
			isa = PBXGroup;
			children = (
			);
			path = Model;
			sourceTree = "<group>";
		};
		F0E0EA841CF943A8008379BD /* Resource */ = {
			isa = PBXGroup;
			children = (
			);
			path = Resource;
			sourceTree = "<group>";
		};
		F0E0EA851CF943A8008379BD /* View */ = {
			isa = PBXGroup;
			children = (
				F0E0EA8C1CF94871008379BD /* recorder.storyboard */,
			);
			path = View;
			sourceTree = "<group>";
		};
		F0E0EA901CF96103008379BD /* Frameworks */ = {
			isa = PBXGroup;
			children = (
				F012AE151D103A9200A6FF31 /* AVFoundation.framework */,
				F012ADF31D1037DE00A6FF31 /* AudioToolbox.framework */,
				F0E0EA8E1CF960F5008379BD /* MediaPlayer.framework */,
			);
			name = Frameworks;
			sourceTree = "<group>";
		};
/* End PBXGroup section */

/* Begin PBXNativeTarget section */
		F0E0EA321CF93EDA008379BD /* audemo */ = {
			isa = PBXNativeTarget;
			buildConfigurationList = F0E0EA5B1CF93EDA008379BD /* Build configuration list for PBXNativeTarget "audemo" */;
			buildPhases = (
				F0E0EA2F1CF93EDA008379BD /* Sources */,
				F0E0EA301CF93EDA008379BD /* Frameworks */,
				F0E0EA311CF93EDA008379BD /* Resources */,
			);
			buildRules = (
			);
			dependencies = (
			);
			name = audemo;
			productName = audemo;
			productReference = F0E0EA331CF93EDA008379BD /* audemo.app */;
			productType = "com.apple.product-type.application";
		};
		F0E0EA511CF93EDA008379BD /* audemoTests */ = {
			isa = PBXNativeTarget;
			buildConfigurationList = F0E0EA5E1CF93EDA008379BD /* Build configuration list for PBXNativeTarget "audemoTests" */;
			buildPhases = (
				F0E0EA4E1CF93EDA008379BD /* Sources */,
				F0E0EA4F1CF93EDA008379BD /* Frameworks */,
				F0E0EA501CF93EDA008379BD /* Resources */,
			);
			buildRules = (
			);
			dependencies = (
				F0E0EA541CF93EDA008379BD /* PBXTargetDependency */,
			);
			name = audemoTests;
			productName = audemoTests;
			productReference = F0E0EA521CF93EDA008379BD /* audemoTests.xctest */;
			productType = "com.apple.product-type.bundle.unit-test";
		};
/* End PBXNativeTarget section */

/* Begin PBXProject section */
		F0E0EA2B1CF93EDA008379BD /* Project object */ = {
			isa = PBXProject;
			attributes = {
				LastUpgradeCheck = 0730;
				ORGANIZATIONNAME = projm;
				TargetAttributes = {
					F0E0EA321CF93EDA008379BD = {
						CreatedOnToolsVersion = 7.3;
					};
					F0E0EA511CF93EDA008379BD = {
						CreatedOnToolsVersion = 7.3;
						TestTargetID = F0E0EA321CF93EDA008379BD;
					};
				};
			};
			buildConfigurationList = F0E0EA2E1CF93EDA008379BD /* Build configuration list for PBXProject "audemo" */;
			compatibilityVersion = "Xcode 3.2";
			developmentRegion = English;
			hasScannedForEncodings = 0;
			knownRegions = (
				en,
				Base,
			);
			mainGroup = F0E0EA2A1CF93EDA008379BD;
			productRefGroup = F0E0EA341CF93EDA008379BD /* Products */;
			projectDirPath = "";
			projectRoot = "";
			targets = (
				F0E0EA321CF93EDA008379BD /* audemo */,
				F0E0EA511CF93EDA008379BD /* audemoTests */,
			);
		};
/* End PBXProject section */

/* Begin PBXResourcesBuildPhase section */
		F0E0EA311CF93EDA008379BD /* Resources */ = {
			isa = PBXResourcesBuildPhase;
			buildActionMask = 2147483647;
			files = (
				F0E0EA491CF93EDA008379BD /* Assets.xcassets in Resources */,
				F004B1691D00185D0080E883 /* player.storyboard in Resources */,
				F0E0EA8D1CF94871008379BD /* recorder.storyboard in Resources */,
				F0E0EA4C1CF93EDA008379BD /* LaunchScreen.storyboard in Resources */,
			);
			runOnlyForDeploymentPostprocessing = 0;
		};
		F0E0EA501CF93EDA008379BD /* Resources */ = {
			isa = PBXResourcesBuildPhase;
			buildActionMask = 2147483647;
			files = (
			);
			runOnlyForDeploymentPostprocessing = 0;
		};
/* End PBXResourcesBuildPhase section */

/* Begin PBXSourcesBuildPhase section */
		F0E0EA2F1CF93EDA008379BD /* Sources */ = {
			isa = PBXSourcesBuildPhase;
			buildActionMask = 2147483647;
			files = (
				F0E0EA3B1CF93EDA008379BD /* AppDelegate.m in Sources */,
				F0E0EA381CF93EDA008379BD /* main.m in Sources */,
				F0E0EA8B1CF94744008379BD /* RecorderVC.m in Sources */,
				F0E0EA3E1CF93EDA008379BD /* BootLoader.m in Sources */,
				F004B1671D0018500080E883 /* PlayerVC.m in Sources */,
			);
			runOnlyForDeploymentPostprocessing = 0;
		};
		F0E0EA4E1CF93EDA008379BD /* Sources */ = {
			isa = PBXSourcesBuildPhase;
			buildActionMask = 2147483647;
			files = (
				F0E0EA571CF93EDA008379BD /* audemoTests.m in Sources */,
			);
			runOnlyForDeploymentPostprocessing = 0;
		};
/* End PBXSourcesBuildPhase section */

/* Begin PBXTargetDependency section */
		F0E0EA541CF93EDA008379BD /* PBXTargetDependency */ = {
			isa = PBXTargetDependency;
			target = F0E0EA321CF93EDA008379BD /* audemo */;
			targetProxy = F0E0EA531CF93EDA008379BD /* PBXContainerItemProxy */;
		};
/* End PBXTargetDependency section */

/* Begin PBXVariantGroup section */
		F0E0EA4A1CF93EDA008379BD /* LaunchScreen.storyboard */ = {
			isa = PBXVariantGroup;
			children = (
				F0E0EA4B1CF93EDA008379BD /* Base */,
			);
			name = LaunchScreen.storyboard;
			sourceTree = "<group>";
		};
/* End PBXVariantGroup section */

/* Begin XCBuildConfiguration section */
		F0E0EA591CF93EDA008379BD /* Debug */ = {
			isa = XCBuildConfiguration;
			buildSettings = {
				ALWAYS_SEARCH_USER_PATHS = NO;
				CLANG_ANALYZER_NONNULL = YES;
				CLANG_CXX_LANGUAGE_STANDARD = "gnu++0x";
				CLANG_CXX_LIBRARY = "libc++";
				CLANG_ENABLE_MODULES = YES;
				CLANG_ENABLE_OBJC_ARC = YES;
				CLANG_WARN_BOOL_CONVERSION = YES;
				CLANG_WARN_CONSTANT_CONVERSION = YES;
				CLANG_WARN_DIRECT_OBJC_ISA_USAGE = YES_ERROR;
				CLANG_WARN_EMPTY_BODY = YES;
				CLANG_WARN_ENUM_CONVERSION = YES;
				CLANG_WARN_INT_CONVERSION = YES;
				CLANG_WARN_OBJC_ROOT_CLASS = YES_ERROR;
				CLANG_WARN_UNREACHABLE_CODE = YES;
				CLANG_WARN__DUPLICATE_METHOD_MATCH = YES;
				"CODE_SIGN_IDENTITY[sdk=iphoneos*]" = "iPhone Developer";
				COPY_PHASE_STRIP = NO;
				DEBUG_INFORMATION_FORMAT = dwarf;
				ENABLE_STRICT_OBJC_MSGSEND = YES;
				ENABLE_TESTABILITY = YES;
				GCC_C_LANGUAGE_STANDARD = gnu99;
				GCC_DYNAMIC_NO_PIC = NO;
				GCC_NO_COMMON_BLOCKS = YES;
				GCC_OPTIMIZATION_LEVEL = 0;
				GCC_PREPROCESSOR_DEFINITIONS = (
					"DEBUG=1",
					"$(inherited)",
				);
				GCC_WARN_64_TO_32_BIT_CONVERSION = YES;
				GCC_WARN_ABOUT_RETURN_TYPE = YES_ERROR;
				GCC_WARN_UNDECLARED_SELECTOR = YES;
				GCC_WARN_UNINITIALIZED_AUTOS = YES_AGGRESSIVE;
				GCC_WARN_UNUSED_FUNCTION = YES;
				GCC_WARN_UNUSED_VARIABLE = YES;
				IPHONEOS_DEPLOYMENT_TARGET = 9.3;
				MTL_ENABLE_DEBUG_INFO = YES;
				ONLY_ACTIVE_ARCH = YES;
				SDKROOT = iphoneos;
			};
			name = Debug;
		};
		F0E0EA5A1CF93EDA008379BD /* Release */ = {
			isa = XCBuildConfiguration;
			buildSettings = {
				ALWAYS_SEARCH_USER_PATHS = NO;
				CLANG_ANALYZER_NONNULL = YES;
				CLANG_CXX_LANGUAGE_STANDARD = "gnu++0x";
				CLANG_CXX_LIBRARY = "libc++";
				CLANG_ENABLE_MODULES = YES;
				CLANG_ENABLE_OBJC_ARC = YES;
				CLANG_WARN_BOOL_CONVERSION = YES;
				CLANG_WARN_CONSTANT_CONVERSION = YES;
				CLANG_WARN_DIRECT_OBJC_ISA_USAGE = YES_ERROR;
				CLANG_WARN_EMPTY_BODY = YES;
				CLANG_WARN_ENUM_CONVERSION = YES;
				CLANG_WARN_INT_CONVERSION = YES;
				CLANG_WARN_OBJC_ROOT_CLASS = YES_ERROR;
				CLANG_WARN_UNREACHABLE_CODE = YES;
				CLANG_WARN__DUPLICATE_METHOD_MATCH = YES;
				"CODE_SIGN_IDENTITY[sdk=iphoneos*]" = "iPhone Developer";
				COPY_PHASE_STRIP = NO;
				DEBUG_INFORMATION_FORMAT = "dwarf-with-dsym";
				ENABLE_NS_ASSERTIONS = NO;
				ENABLE_STRICT_OBJC_MSGSEND = YES;
				GCC_C_LANGUAGE_STANDARD = gnu99;
				GCC_NO_COMMON_BLOCKS = YES;
				GCC_WARN_64_TO_32_BIT_CONVERSION = YES;
				GCC_WARN_ABOUT_RETURN_TYPE = YES_ERROR;
				GCC_WARN_UNDECLARED_SELECTOR = YES;
				GCC_WARN_UNINITIALIZED_AUTOS = YES_AGGRESSIVE;
				GCC_WARN_UNUSED_FUNCTION = YES;
				GCC_WARN_UNUSED_VARIABLE = YES;
				IPHONEOS_DEPLOYMENT_TARGET = 9.3;
				MTL_ENABLE_DEBUG_INFO = NO;
				SDKROOT = iphoneos;
				VALIDATE_PRODUCT = YES;
			};
			name = Release;
		};
		F0E0EA5C1CF93EDA008379BD /* Debug */ = {
			isa = XCBuildConfiguration;
			buildSettings = {
				ASSETCATALOG_COMPILER_APPICON_NAME = AppIcon;
				INFOPLIST_FILE = audemo/Info.plist;
				LD_RUNPATH_SEARCH_PATHS = "$(inherited) @executable_path/Frameworks";
				PRODUCT_BUNDLE_IDENTIFIER = club.projm.cz.audemo;
				PRODUCT_NAME = "$(TARGET_NAME)";
			};
			name = Debug;
		};
		F0E0EA5D1CF93EDA008379BD /* Release */ = {
			isa = XCBuildConfiguration;
			buildSettings = {
				ASSETCATALOG_COMPILER_APPICON_NAME = AppIcon;
				INFOPLIST_FILE = audemo/Info.plist;
				LD_RUNPATH_SEARCH_PATHS = "$(inherited) @executable_path/Frameworks";
				PRODUCT_BUNDLE_IDENTIFIER = club.projm.cz.audemo;
				PRODUCT_NAME = "$(TARGET_NAME)";
			};
			name = Release;
		};
		F0E0EA5F1CF93EDA008379BD /* Debug */ = {
			isa = XCBuildConfiguration;
			buildSettings = {
				BUNDLE_LOADER = "$(TEST_HOST)";
				INFOPLIST_FILE = audemoTests/Info.plist;
				LD_RUNPATH_SEARCH_PATHS = "$(inherited) @executable_path/Frameworks @loader_path/Frameworks";
				PRODUCT_BUNDLE_IDENTIFIER = club.projm.cz.audemoTests;
				PRODUCT_NAME = "$(TARGET_NAME)";
				TEST_HOST = "$(BUILT_PRODUCTS_DIR)/audemo.app/audemo";
			};
			name = Debug;
		};
		F0E0EA601CF93EDA008379BD /* Release */ = {
			isa = XCBuildConfiguration;
			buildSettings = {
				BUNDLE_LOADER = "$(TEST_HOST)";
				INFOPLIST_FILE = audemoTests/Info.plist;
				LD_RUNPATH_SEARCH_PATHS = "$(inherited) @executable_path/Frameworks @loader_path/Frameworks";
				PRODUCT_BUNDLE_IDENTIFIER = club.projm.cz.audemoTests;
				PRODUCT_NAME = "$(TARGET_NAME)";
				TEST_HOST = "$(BUILT_PRODUCTS_DIR)/audemo.app/audemo";
			};
			name = Release;
		};
/* End XCBuildConfiguration section */

/* Begin XCConfigurationList section */
		F0E0EA2E1CF93EDA008379BD /* Build configuration list for PBXProject "audemo" */ = {
			isa = XCConfigurationList;
			buildConfigurations = (
				F0E0EA591CF93EDA008379BD /* Debug */,
				F0E0EA5A1CF93EDA008379BD /* Release */,
			);
			defaultConfigurationIsVisible = 0;
			defaultConfigurationName = Release;
		};
		F0E0EA5B1CF93EDA008379BD /* Build configuration list for PBXNativeTarget "audemo" */ = {
			isa = XCConfigurationList;
			buildConfigurations = (
				F0E0EA5C1CF93EDA008379BD /* Debug */,
				F0E0EA5D1CF93EDA008379BD /* Release */,
			);
			defaultConfigurationIsVisible = 0;
			defaultConfigurationName = Release;
		};
		F0E0EA5E1CF93EDA008379BD /* Build configuration list for PBXNativeTarget "audemoTests" */ = {
			isa = XCConfigurationList;
			buildConfigurations = (
				F0E0EA5F1CF93EDA008379BD /* Debug */,
				F0E0EA601CF93EDA008379BD /* Release */,
			);
			defaultConfigurationIsVisible = 0;
			defaultConfigurationName = Release;
		};
/* End XCConfigurationList section */
	};
	rootObject = F0E0EA2B1CF93EDA008379BD /* Project object */;
}
